
Microsoft Visual Studio Solution File, Format Version 12.00
# Visual Studio Version 17
VisualStudioVersion = 17.7.34003.232
MinimumVisualStudioVersion = 10.0.40219.1
Project("{9A19103F-16F7-4668-BE54-9A1E7A4F7556}") = "MainApplication", "MainApplication.csproj", "{4A9B52C9-1216-40E4-B638-A0ACC0681645}"
EndProject
Project("{9A19103F-16F7-4668-BE54-9A1E7A4F7556}") = "SecondClassLibrary", "..\SecondSubModulesTestProject\SecondClassLibrary\SecondClassLibrary.csproj", "{3E41886C-50BE-4751-BE4A-54008CB92CFC}"
EndProject
Global
	GlobalSection(SolutionConfigurationPlatforms) = preSolution
		Debug|Any CPU = Debug|Any CPU
		Release|Any CPU = Release|Any CPU
	EndGlobalSection
	GlobalSection(ProjectConfigurationPlatforms) = postSolution
		{4A9B52C9-1216-40E4-B638-A0ACC0681645}.Debug|Any CPU.ActiveCfg = Debug|Any CPU
		{4A9B52C9-1216-40E4-B638-A0ACC0681645}.Debug|Any CPU.Build.0 = Debug|Any CPU
		{4A9B52C9-1216-40E4-B638-A0ACC0681645}.Release|Any CPU.ActiveCfg = Release|Any CPU
		{4A9B52C9-1216-40E4-B638-A0ACC0681645}.Release|Any CPU.Build.0 = Release|Any CPU
		{3E41886C-50BE-4751-BE4A-54008CB92CFC}.Debug|Any CPU.ActiveCfg = Debug|Any CPU
		{3E41886C-50BE-4751-BE4A-54008CB92CFC}.Debug|Any CPU.Build.0 = Debug|Any CPU
		{3E41886C-50BE-4751-BE4A-54008CB92CFC}.Release|Any CPU.ActiveCfg = Release|Any CPU
		{3E41886C-50BE-4751-BE4A-54008CB92CFC}.Release|Any CPU.Build.0 = Release|Any CPU
	EndGlobalSection
	GlobalSection(SolutionProperties) = preSolution
		HideSolutionNode = FALSE
	EndGlobalSection
	GlobalSection(ExtensibilityGlobals) = postSolution
		SolutionGuid = {F9E2AC81-3E76-4F4F-94FD-4C4163DC98CF}
	EndGlobalSection
EndGlobal
